// !$*UTF8*$!
{
	archiveVersion = 1;
	classes = {
	};
	objectVersion = 56;
	objects = {

/* Begin PBXBuildFile section */
		4C37A9482938ABAE00775E03 /* main.swift in Sources */ = {isa = PBXBuildFile; fileRef = 4C37A9472938ABAE00775E03 /* main.swift */; };
		4C37A9502938AC3000775E03 /* Day1.swift in Sources */ = {isa = PBXBuildFile; fileRef = 4C37A94F2938AC3000775E03 /* Day1.swift */; };
		4C37A9592938AD7A00775E03 /* Day1-1.txt in Resources */ = {isa = PBXBuildFile; fileRef = 4C37A94E2938ABD800775E03 /* Day1-1.txt */; };
		4C37A95D2938B37000775E03 /* Day1-Sample.txt in Resources */ = {isa = PBXBuildFile; fileRef = 4C37A95C2938B37000775E03 /* Day1-Sample.txt */; };
		4C37A95F2939F38500775E03 /* Day2-Sample.txt in Resources */ = {isa = PBXBuildFile; fileRef = 4C37A95E2939F38500775E03 /* Day2-Sample.txt */; };
		4C37A9632939F3DE00775E03 /* Day2-1.txt in Resources */ = {isa = PBXBuildFile; fileRef = 4C37A9622939F3DE00775E03 /* Day2-1.txt */; };
		4C37A9652939F40000775E03 /* Day2.swift in Sources */ = {isa = PBXBuildFile; fileRef = 4C37A9642939F40000775E03 /* Day2.swift */; };
		4C37A967293B0E2D00775E03 /* Day3-Sample.txt in Resources */ = {isa = PBXBuildFile; fileRef = 4C37A966293B0E2D00775E03 /* Day3-Sample.txt */; };
		4C37A969293B0E3C00775E03 /* Day3-1.txt in Resources */ = {isa = PBXBuildFile; fileRef = 4C37A968293B0E3C00775E03 /* Day3-1.txt */; };
		4C37A96B293B0E4F00775E03 /* Day3.swift in Sources */ = {isa = PBXBuildFile; fileRef = 4C37A96A293B0E4F00775E03 /* Day3.swift */; };
		4C37A96D293B9E5200775E03 /* Day3pt2.swift in Sources */ = {isa = PBXBuildFile; fileRef = 4C37A96C293B9E5200775E03 /* Day3pt2.swift */; };
		4C37A96F293C805D00775E03 /* Day4-Sample.txt in Resources */ = {isa = PBXBuildFile; fileRef = 4C37A96E293C805C00775E03 /* Day4-Sample.txt */; };
		4C37A971293C807C00775E03 /* Day4-1.txt in Resources */ = {isa = PBXBuildFile; fileRef = 4C37A970293C807C00775E03 /* Day4-1.txt */; };
		4C37A973293C80B700775E03 /* Day4.swift in Sources */ = {isa = PBXBuildFile; fileRef = 4C37A972293C80B700775E03 /* Day4.swift */; };
/* End PBXBuildFile section */

/* Begin PBXContainerItemProxy section */
		4C37A95A2938AD9700775E03 /* PBXContainerItemProxy */ = {
			isa = PBXContainerItemProxy;
			containerPortal = 4C37A93C2938ABAE00775E03 /* Project object */;
			proxyType = 1;
			remoteGlobalIDString = 4C37A9542938AD6E00775E03;
			remoteInfo = StarHunt;
		};
/* End PBXContainerItemProxy section */

/* Begin PBXCopyFilesBuildPhase section */
		4C37A9422938ABAE00775E03 /* CopyFiles */ = {
			isa = PBXCopyFilesBuildPhase;
			buildActionMask = 2147483647;
			dstPath = /usr/share/man/man1/;
			dstSubfolderSpec = 0;
			files = (
			);
			runOnlyForDeploymentPostprocessing = 1;
		};
/* End PBXCopyFilesBuildPhase section */

/* Begin PBXFileReference section */
		4C37A9442938ABAE00775E03 /* AdventOfCode */ = {isa = PBXFileReference; explicitFileType = "compiled.mach-o.executable"; includeInIndex = 0; path = AdventOfCode; sourceTree = BUILT_PRODUCTS_DIR; };
		4C37A9472938ABAE00775E03 /* main.swift */ = {isa = PBXFileReference; lastKnownFileType = sourcecode.swift; path = main.swift; sourceTree = "<group>"; };
		4C37A94E2938ABD800775E03 /* Day1-1.txt */ = {isa = PBXFileReference; lastKnownFileType = text; path = "Day1-1.txt"; sourceTree = "<group>"; };
		4C37A94F2938AC3000775E03 /* Day1.swift */ = {isa = PBXFileReference; lastKnownFileType = sourcecode.swift; path = Day1.swift; sourceTree = "<group>"; };
		4C37A9552938AD6E00775E03 /* StarHunt.bundle */ = {isa = PBXFileReference; explicitFileType = wrapper.cfbundle; includeInIndex = 0; path = StarHunt.bundle; sourceTree = BUILT_PRODUCTS_DIR; };
		4C37A95C2938B37000775E03 /* Day1-Sample.txt */ = {isa = PBXFileReference; lastKnownFileType = text; path = "Day1-Sample.txt"; sourceTree = "<group>"; };
		4C37A95E2939F38500775E03 /* Day2-Sample.txt */ = {isa = PBXFileReference; lastKnownFileType = text; path = "Day2-Sample.txt"; sourceTree = "<group>"; };
		4C37A9622939F3DE00775E03 /* Day2-1.txt */ = {isa = PBXFileReference; lastKnownFileType = text; path = "Day2-1.txt"; sourceTree = "<group>"; };
		4C37A9642939F40000775E03 /* Day2.swift */ = {isa = PBXFileReference; lastKnownFileType = sourcecode.swift; path = Day2.swift; sourceTree = "<group>"; };
		4C37A966293B0E2D00775E03 /* Day3-Sample.txt */ = {isa = PBXFileReference; lastKnownFileType = text; path = "Day3-Sample.txt"; sourceTree = "<group>"; };
		4C37A968293B0E3C00775E03 /* Day3-1.txt */ = {isa = PBXFileReference; lastKnownFileType = text; path = "Day3-1.txt"; sourceTree = "<group>"; };
		4C37A96A293B0E4F00775E03 /* Day3.swift */ = {isa = PBXFileReference; lastKnownFileType = sourcecode.swift; path = Day3.swift; sourceTree = "<group>"; };
		4C37A96C293B9E5200775E03 /* Day3pt2.swift */ = {isa = PBXFileReference; lastKnownFileType = sourcecode.swift; path = Day3pt2.swift; sourceTree = "<group>"; };
		4C37A96E293C805C00775E03 /* Day4-Sample.txt */ = {isa = PBXFileReference; lastKnownFileType = text; path = "Day4-Sample.txt"; sourceTree = "<group>"; };
		4C37A970293C807C00775E03 /* Day4-1.txt */ = {isa = PBXFileReference; lastKnownFileType = text; path = "Day4-1.txt"; sourceTree = "<group>"; };
		4C37A972293C80B700775E03 /* Day4.swift */ = {isa = PBXFileReference; lastKnownFileType = sourcecode.swift; path = Day4.swift; sourceTree = "<group>"; };
/* End PBXFileReference section */

/* Begin PBXFrameworksBuildPhase section */
		4C37A9412938ABAE00775E03 /* Frameworks */ = {
			isa = PBXFrameworksBuildPhase;
			buildActionMask = 2147483647;
			files = (
			);
			runOnlyForDeploymentPostprocessing = 0;
		};
		4C37A9522938AD6E00775E03 /* Frameworks */ = {
			isa = PBXFrameworksBuildPhase;
			buildActionMask = 2147483647;
			files = (
			);
			runOnlyForDeploymentPostprocessing = 0;
		};
/* End PBXFrameworksBuildPhase section */

/* Begin PBXGroup section */
		4C37A93B2938ABAE00775E03 = {
			isa = PBXGroup;
			children = (
				4C37A9462938ABAE00775E03 /* AdventOfCode */,
				4C37A9452938ABAE00775E03 /* Products */,
			);
			sourceTree = "<group>";
		};
		4C37A9452938ABAE00775E03 /* Products */ = {
			isa = PBXGroup;
			children = (
				4C37A9442938ABAE00775E03 /* AdventOfCode */,
				4C37A9552938AD6E00775E03 /* StarHunt.bundle */,
			);
			name = Products;
			sourceTree = "<group>";
		};
		4C37A9462938ABAE00775E03 /* AdventOfCode */ = {
			isa = PBXGroup;
			children = (
				4C37A9472938ABAE00775E03 /* main.swift */,
				4C37A95C2938B37000775E03 /* Day1-Sample.txt */,
				4C37A94E2938ABD800775E03 /* Day1-1.txt */,
				4C37A94F2938AC3000775E03 /* Day1.swift */,
				4C37A95E2939F38500775E03 /* Day2-Sample.txt */,
				4C37A9622939F3DE00775E03 /* Day2-1.txt */,
				4C37A9642939F40000775E03 /* Day2.swift */,
				4C37A966293B0E2D00775E03 /* Day3-Sample.txt */,
				4C37A968293B0E3C00775E03 /* Day3-1.txt */,
				4C37A96A293B0E4F00775E03 /* Day3.swift */,
				4C37A96C293B9E5200775E03 /* Day3pt2.swift */,
				4C37A96E293C805C00775E03 /* Day4-Sample.txt */,
				4C37A970293C807C00775E03 /* Day4-1.txt */,
				4C37A972293C80B700775E03 /* Day4.swift */,
			);
			path = AdventOfCode;
			sourceTree = "<group>";
		};
/* End PBXGroup section */

/* Begin PBXNativeTarget section */
		4C37A9432938ABAE00775E03 /* AdventOfCode */ = {
			isa = PBXNativeTarget;
			buildConfigurationList = 4C37A94B2938ABAE00775E03 /* Build configuration list for PBXNativeTarget "AdventOfCode" */;
			buildPhases = (
				4C37A9402938ABAE00775E03 /* Sources */,
				4C37A9412938ABAE00775E03 /* Frameworks */,
				4C37A9422938ABAE00775E03 /* CopyFiles */,
			);
			buildRules = (
			);
			dependencies = (
				4C37A95B2938AD9700775E03 /* PBXTargetDependency */,
			);
			name = AdventOfCode;
			productName = AdventOfCode;
			productReference = 4C37A9442938ABAE00775E03 /* AdventOfCode */;
			productType = "com.apple.product-type.tool";
		};
		4C37A9542938AD6E00775E03 /* StarHunt */ = {
			isa = PBXNativeTarget;
			buildConfigurationList = 4C37A9562938AD6E00775E03 /* Build configuration list for PBXNativeTarget "StarHunt" */;
			buildPhases = (
				4C37A9512938AD6E00775E03 /* Sources */,
				4C37A9522938AD6E00775E03 /* Frameworks */,
				4C37A9532938AD6E00775E03 /* Resources */,
			);
			buildRules = (
			);
			dependencies = (
			);
			name = StarHunt;
			productName = StarHunt;
			productReference = 4C37A9552938AD6E00775E03 /* StarHunt.bundle */;
			productType = "com.apple.product-type.bundle";
		};
/* End PBXNativeTarget section */

/* Begin PBXProject section */
		4C37A93C2938ABAE00775E03 /* Project object */ = {
			isa = PBXProject;
			attributes = {
				BuildIndependentTargetsInParallel = 1;
				LastSwiftUpdateCheck = 1410;
				LastUpgradeCheck = 1410;
				TargetAttributes = {
					4C37A9432938ABAE00775E03 = {
						CreatedOnToolsVersion = 14.1;
					};
					4C37A9542938AD6E00775E03 = {
						CreatedOnToolsVersion = 14.1;
					};
				};
			};
			buildConfigurationList = 4C37A93F2938ABAE00775E03 /* Build configuration list for PBXProject "AdventOfCode" */;
			compatibilityVersion = "Xcode 14.0";
			developmentRegion = en;
			hasScannedForEncodings = 0;
			knownRegions = (
				en,
				Base,
			);
			mainGroup = 4C37A93B2938ABAE00775E03;
			productRefGroup = 4C37A9452938ABAE00775E03 /* Products */;
			projectDirPath = "";
			projectRoot = "";
			targets = (
				4C37A9432938ABAE00775E03 /* AdventOfCode */,
				4C37A9542938AD6E00775E03 /* StarHunt */,
			);
		};
/* End PBXProject section */

/* Begin PBXResourcesBuildPhase section */
		4C37A9532938AD6E00775E03 /* Resources */ = {
			isa = PBXResourcesBuildPhase;
			buildActionMask = 2147483647;
			files = (
				4C37A971293C807C00775E03 /* Day4-1.txt in Resources */,
				4C37A9592938AD7A00775E03 /* Day1-1.txt in Resources */,
				4C37A967293B0E2D00775E03 /* Day3-Sample.txt in Resources */,
				4C37A95D2938B37000775E03 /* Day1-Sample.txt in Resources */,
				4C37A969293B0E3C00775E03 /* Day3-1.txt in Resources */,
				4C37A96F293C805D00775E03 /* Day4-Sample.txt in Resources */,
				4C37A9632939F3DE00775E03 /* Day2-1.txt in Resources */,
				4C37A95F2939F38500775E03 /* Day2-Sample.txt in Resources */,
			);
			runOnlyForDeploymentPostprocessing = 0;
		};
/* End PBXResourcesBuildPhase section */

/* Begin PBXSourcesBuildPhase section */
		4C37A9402938ABAE00775E03 /* Sources */ = {
			isa = PBXSourcesBuildPhase;
			buildActionMask = 2147483647;
			files = (
				4C37A9502938AC3000775E03 /* Day1.swift in Sources */,
				4C37A973293C80B700775E03 /* Day4.swift in Sources */,
				4C37A9652939F40000775E03 /* Day2.swift in Sources */,
				4C37A96D293B9E5200775E03 /* Day3pt2.swift in Sources */,
				4C37A96B293B0E4F00775E03 /* Day3.swift in Sources */,
				4C37A9482938ABAE00775E03 /* main.swift in Sources */,
			);
			runOnlyForDeploymentPostprocessing = 0;
		};
		4C37A9512938AD6E00775E03 /* Sources */ = {
			isa = PBXSourcesBuildPhase;
			buildActionMask = 2147483647;
			files = (
			);
			runOnlyForDeploymentPostprocessing = 0;
		};
/* End PBXSourcesBuildPhase section */

/* Begin PBXTargetDependency section */
		4C37A95B2938AD9700775E03 /* PBXTargetDependency */ = {
			isa = PBXTargetDependency;
			target = 4C37A9542938AD6E00775E03 /* StarHunt */;
			targetProxy = 4C37A95A2938AD9700775E03 /* PBXContainerItemProxy */;
		};
/* End PBXTargetDependency section */

/* Begin XCBuildConfiguration section */
		4C37A9492938ABAE00775E03 /* Debug */ = {
			isa = XCBuildConfiguration;
			buildSettings = {
				ALWAYS_SEARCH_USER_PATHS = NO;
				CLANG_ANALYZER_NONNULL = YES;
				CLANG_ANALYZER_NUMBER_OBJECT_CONVERSION = YES_AGGRESSIVE;
				CLANG_CXX_LANGUAGE_STANDARD = "gnu++20";
				CLANG_ENABLE_MODULES = YES;
				CLANG_ENABLE_OBJC_ARC = YES;
				CLANG_ENABLE_OBJC_WEAK = YES;
				CLANG_WARN_BLOCK_CAPTURE_AUTORELEASING = YES;
				CLANG_WARN_BOOL_CONVERSION = YES;
				CLANG_WARN_COMMA = YES;
				CLANG_WARN_CONSTANT_CONVERSION = YES;
				CLANG_WARN_DEPRECATED_OBJC_IMPLEMENTATIONS = YES;
				CLANG_WARN_DIRECT_OBJC_ISA_USAGE = YES_ERROR;
				CLANG_WARN_DOCUMENTATION_COMMENTS = YES;
				CLANG_WARN_EMPTY_BODY = YES;
				CLANG_WARN_ENUM_CONVERSION = YES;
				CLANG_WARN_INFINITE_RECURSION = YES;
				CLANG_WARN_INT_CONVERSION = YES;
				CLANG_WARN_NON_LITERAL_NULL_CONVERSION = YES;
				CLANG_WARN_OBJC_IMPLICIT_RETAIN_SELF = YES;
				CLANG_WARN_OBJC_LITERAL_CONVERSION = YES;
				CLANG_WARN_OBJC_ROOT_CLASS = YES_ERROR;
				CLANG_WARN_QUOTED_INCLUDE_IN_FRAMEWORK_HEADER = YES;
				CLANG_WARN_RANGE_LOOP_ANALYSIS = YES;
				CLANG_WARN_STRICT_PROTOTYPES = YES;
				CLANG_WARN_SUSPICIOUS_MOVE = YES;
				CLANG_WARN_UNGUARDED_AVAILABILITY = YES_AGGRESSIVE;
				CLANG_WARN_UNREACHABLE_CODE = YES;
				CLANG_WARN__DUPLICATE_METHOD_MATCH = YES;
				COPY_PHASE_STRIP = NO;
				DEBUG_INFORMATION_FORMAT = dwarf;
				ENABLE_STRICT_OBJC_MSGSEND = YES;
				ENABLE_TESTABILITY = YES;
				GCC_C_LANGUAGE_STANDARD = gnu11;
				GCC_DYNAMIC_NO_PIC = NO;
				GCC_NO_COMMON_BLOCKS = YES;
				GCC_OPTIMIZATION_LEVEL = 0;
				GCC_PREPROCESSOR_DEFINITIONS = (
					"DEBUG=1",
					"$(inherited)",
				);
				GCC_WARN_64_TO_32_BIT_CONVERSION = YES;
				GCC_WARN_ABOUT_RETURN_TYPE = YES_ERROR;
				GCC_WARN_UNDECLARED_SELECTOR = YES;
				GCC_WARN_UNINITIALIZED_AUTOS = YES_AGGRESSIVE;
				GCC_WARN_UNUSED_FUNCTION = YES;
				GCC_WARN_UNUSED_VARIABLE = YES;
				MACOSX_DEPLOYMENT_TARGET = 13.0;
				MTL_ENABLE_DEBUG_INFO = INCLUDE_SOURCE;
				MTL_FAST_MATH = YES;
				ONLY_ACTIVE_ARCH = YES;
				SDKROOT = macosx;
				SWIFT_ACTIVE_COMPILATION_CONDITIONS = DEBUG;
				SWIFT_OPTIMIZATION_LEVEL = "-Onone";
			};
			name = Debug;
		};
		4C37A94A2938ABAE00775E03 /* Release */ = {
			isa = XCBuildConfiguration;
			buildSettings = {
				ALWAYS_SEARCH_USER_PATHS = NO;
				CLANG_ANALYZER_NONNULL = YES;
				CLANG_ANALYZER_NUMBER_OBJECT_CONVERSION = YES_AGGRESSIVE;
				CLANG_CXX_LANGUAGE_STANDARD = "gnu++20";
				CLANG_ENABLE_MODULES = YES;
				CLANG_ENABLE_OBJC_ARC = YES;
				CLANG_ENABLE_OBJC_WEAK = YES;
				CLANG_WARN_BLOCK_CAPTURE_AUTORELEASING = YES;
				CLANG_WARN_BOOL_CONVERSION = YES;
				CLANG_WARN_COMMA = YES;
				CLANG_WARN_CONSTANT_CONVERSION = YES;
				CLANG_WARN_DEPRECATED_OBJC_IMPLEMENTATIONS = YES;
				CLANG_WARN_DIRECT_OBJC_ISA_USAGE = YES_ERROR;
				CLANG_WARN_DOCUMENTATION_COMMENTS = YES;
				CLANG_WARN_EMPTY_BODY = YES;
				CLANG_WARN_ENUM_CONVERSION = YES;
				CLANG_WARN_INFINITE_RECURSION = YES;
				CLANG_WARN_INT_CONVERSION = YES;
				CLANG_WARN_NON_LITERAL_NULL_CONVERSION = YES;
				CLANG_WARN_OBJC_IMPLICIT_RETAIN_SELF = YES;
				CLANG_WARN_OBJC_LITERAL_CONVERSION = YES;
				CLANG_WARN_OBJC_ROOT_CLASS = YES_ERROR;
				CLANG_WARN_QUOTED_INCLUDE_IN_FRAMEWORK_HEADER = YES;
				CLANG_WARN_RANGE_LOOP_ANALYSIS = YES;
				CLANG_WARN_STRICT_PROTOTYPES = YES;
				CLANG_WARN_SUSPICIOUS_MOVE = YES;
				CLANG_WARN_UNGUARDED_AVAILABILITY = YES_AGGRESSIVE;
				CLANG_WARN_UNREACHABLE_CODE = YES;
				CLANG_WARN__DUPLICATE_METHOD_MATCH = YES;
				COPY_PHASE_STRIP = NO;
				DEBUG_INFORMATION_FORMAT = "dwarf-with-dsym";
				ENABLE_NS_ASSERTIONS = NO;
				ENABLE_STRICT_OBJC_MSGSEND = YES;
				GCC_C_LANGUAGE_STANDARD = gnu11;
				GCC_NO_COMMON_BLOCKS = YES;
				GCC_WARN_64_TO_32_BIT_CONVERSION = YES;
				GCC_WARN_ABOUT_RETURN_TYPE = YES_ERROR;
				GCC_WARN_UNDECLARED_SELECTOR = YES;
				GCC_WARN_UNINITIALIZED_AUTOS = YES_AGGRESSIVE;
				GCC_WARN_UNUSED_FUNCTION = YES;
				GCC_WARN_UNUSED_VARIABLE = YES;
				MACOSX_DEPLOYMENT_TARGET = 13.0;
				MTL_ENABLE_DEBUG_INFO = NO;
				MTL_FAST_MATH = YES;
				SDKROOT = macosx;
				SWIFT_COMPILATION_MODE = wholemodule;
				SWIFT_OPTIMIZATION_LEVEL = "-O";
			};
			name = Release;
		};
		4C37A94C2938ABAE00775E03 /* Debug */ = {
			isa = XCBuildConfiguration;
			buildSettings = {
				CODE_SIGN_STYLE = Automatic;
				PRODUCT_NAME = "$(TARGET_NAME)";
				SWIFT_VERSION = 5.0;
			};
			name = Debug;
		};
		4C37A94D2938ABAE00775E03 /* Release */ = {
			isa = XCBuildConfiguration;
			buildSettings = {
				CODE_SIGN_STYLE = Automatic;
				PRODUCT_NAME = "$(TARGET_NAME)";
				SWIFT_VERSION = 5.0;
			};
			name = Release;
		};
		4C37A9572938AD6E00775E03 /* Debug */ = {
			isa = XCBuildConfiguration;
			buildSettings = {
				CODE_SIGN_STYLE = Automatic;
				COMBINE_HIDPI_IMAGES = YES;
				CURRENT_PROJECT_VERSION = 1;
				GENERATE_INFOPLIST_FILE = YES;
				INFOPLIST_KEY_NSHumanReadableCopyright = "";
				INFOPLIST_KEY_NSPrincipalClass = "";
				INSTALL_PATH = "$(LOCAL_LIBRARY_DIR)/Bundles";
				MARKETING_VERSION = 1.0;
				PRODUCT_BUNDLE_IDENTIFIER = net.mifortin.StarHunt;
				PRODUCT_NAME = "$(TARGET_NAME)";
				SKIP_INSTALL = YES;
				SWIFT_EMIT_LOC_STRINGS = YES;
				WRAPPER_EXTENSION = bundle;
			};
			name = Debug;
		};
		4C37A9582938AD6E00775E03 /* Release */ = {
			isa = XCBuildConfiguration;
			buildSettings = {
				CODE_SIGN_STYLE = Automatic;
				COMBINE_HIDPI_IMAGES = YES;
				CURRENT_PROJECT_VERSION = 1;
				GENERATE_INFOPLIST_FILE = YES;
				INFOPLIST_KEY_NSHumanReadableCopyright = "";
				INFOPLIST_KEY_NSPrincipalClass = "";
				INSTALL_PATH = "$(LOCAL_LIBRARY_DIR)/Bundles";
				MARKETING_VERSION = 1.0;
				PRODUCT_BUNDLE_IDENTIFIER = net.mifortin.StarHunt;
				PRODUCT_NAME = "$(TARGET_NAME)";
				SKIP_INSTALL = YES;
				SWIFT_EMIT_LOC_STRINGS = YES;
				WRAPPER_EXTENSION = bundle;
			};
			name = Release;
		};
/* End XCBuildConfiguration section */

/* Begin XCConfigurationList section */
		4C37A93F2938ABAE00775E03 /* Build configuration list for PBXProject "AdventOfCode" */ = {
			isa = XCConfigurationList;
			buildConfigurations = (
				4C37A9492938ABAE00775E03 /* Debug */,
				4C37A94A2938ABAE00775E03 /* Release */,
			);
			defaultConfigurationIsVisible = 0;
			defaultConfigurationName = Release;
		};
		4C37A94B2938ABAE00775E03 /* Build configuration list for PBXNativeTarget "AdventOfCode" */ = {
			isa = XCConfigurationList;
			buildConfigurations = (
				4C37A94C2938ABAE00775E03 /* Debug */,
				4C37A94D2938ABAE00775E03 /* Release */,
			);
			defaultConfigurationIsVisible = 0;
			defaultConfigurationName = Release;
		};
		4C37A9562938AD6E00775E03 /* Build configuration list for PBXNativeTarget "StarHunt" */ = {
			isa = XCConfigurationList;
			buildConfigurations = (
				4C37A9572938AD6E00775E03 /* Debug */,
				4C37A9582938AD6E00775E03 /* Release */,
			);
			defaultConfigurationIsVisible = 0;
			defaultConfigurationName = Release;
		};
/* End XCConfigurationList section */
	};
	rootObject = 4C37A93C2938ABAE00775E03 /* Project object */;
}
